
Microsoft Visual Studio Solution File, Format Version 12.00
# Visual Studio Version 16
Project("{FAE04EC0-301F-11D3-BF4B-00C04F79EFBC}") = "DiscoveryTest.Core", "DiscoveryTest.Core\DiscoveryTest.Core.csproj", "{0A46DC88-FE70-4253-A046-89DF35345590}"
EndProject
Project("{FAE04EC0-301F-11D3-BF4B-00C04F79EFBC}") = "DiscoveryTest.Forms", "DiscoveryTest.Forms\DiscoveryTest.Forms.csproj", "{CE9FED4E-5C65-4815-9E56-6A11307CBBFC}"
EndProject
Project("{FAE04EC0-301F-11D3-BF4B-00C04F79EFBC}") = "DiscoveryTest.Tests", "DiscoveryTest.Tests\DiscoveryTest.Tests.csproj", "{A8D304E6-E7CD-4174-8FA6-E229B224E9E5}"
EndProject
Project("{FAE04EC0-301F-11D3-BF4B-00C04F79EFBC}") = "DiscoveryTest.Android", "DiscoveryTest.Android\DiscoveryTest.Android.csproj", "{C05C2896-78A6-4357-A7C2-BC18BB88ED84}"
EndProject
Project("{FAE04EC0-301F-11D3-BF4B-00C04F79EFBC}") = "DiscoveryTest.iOS", "DiscoveryTest.iOS\DiscoveryTest.iOS.csproj", "{2068D535-7088-42F4-B611-5538CB862C76}"
EndProject
Global
	GlobalSection(SolutionConfigurationPlatforms) = preSolution
		Ad-Hoc|iPhone = Ad-Hoc|iPhone
		AppStore|iPhone = AppStore|iPhone
		Debug|Any CPU = Debug|Any CPU
		Debug|iPhone = Debug|iPhone
		Debug|iPhoneSimulator = Debug|iPhoneSimulator
		Release|Any CPU = Release|Any CPU
		Release|iPhone = Release|iPhone
		Release|iPhoneSimulator = Release|iPhoneSimulator
	EndGlobalSection
	GlobalSection(ProjectConfigurationPlatforms) = postSolution
		{0A46DC88-FE70-4253-A046-89DF35345590}.Ad-Hoc|iPhone.ActiveCfg = Debug|Any CPU
		{0A46DC88-FE70-4253-A046-89DF35345590}.Ad-Hoc|iPhone.Build.0 = Debug|Any CPU
		{0A46DC88-FE70-4253-A046-89DF35345590}.AppStore|iPhone.ActiveCfg = Debug|Any CPU
		{0A46DC88-FE70-4253-A046-89DF35345590}.AppStore|iPhone.Build.0 = Debug|Any CPU
		{0A46DC88-FE70-4253-A046-89DF35345590}.Debug|Any CPU.ActiveCfg = Debug|Any CPU
		{0A46DC88-FE70-4253-A046-89DF35345590}.Debug|Any CPU.Build.0 = Debug|Any CPU
		{0A46DC88-FE70-4253-A046-89DF35345590}.Debug|iPhone.ActiveCfg = Debug|Any CPU
		{0A46DC88-FE70-4253-A046-89DF35345590}.Debug|iPhone.Build.0 = Debug|Any CPU
		{0A46DC88-FE70-4253-A046-89DF35345590}.Debug|iPhoneSimulator.ActiveCfg = Debug|Any CPU
		{0A46DC88-FE70-4253-A046-89DF35345590}.Debug|iPhoneSimulator.Build.0 = Debug|Any CPU
		{0A46DC88-FE70-4253-A046-89DF35345590}.Release|Any CPU.ActiveCfg = Release|Any CPU
		{0A46DC88-FE70-4253-A046-89DF35345590}.Release|Any CPU.Build.0 = Release|Any CPU
		{0A46DC88-FE70-4253-A046-89DF35345590}.Release|iPhone.ActiveCfg = Release|Any CPU
		{0A46DC88-FE70-4253-A046-89DF35345590}.Release|iPhone.Build.0 = Release|Any CPU
		{0A46DC88-FE70-4253-A046-89DF35345590}.Release|iPhoneSimulator.ActiveCfg = Release|Any CPU
		{0A46DC88-FE70-4253-A046-89DF35345590}.Release|iPhoneSimulator.Build.0 = Release|Any CPU
		{CE9FED4E-5C65-4815-9E56-6A11307CBBFC}.Ad-Hoc|iPhone.ActiveCfg = Debug|Any CPU
		{CE9FED4E-5C65-4815-9E56-6A11307CBBFC}.Ad-Hoc|iPhone.Build.0 = Debug|Any CPU
		{CE9FED4E-5C65-4815-9E56-6A11307CBBFC}.AppStore|iPhone.ActiveCfg = Debug|Any CPU
		{CE9FED4E-5C65-4815-9E56-6A11307CBBFC}.AppStore|iPhone.Build.0 = Debug|Any CPU
		{CE9FED4E-5C65-4815-9E56-6A11307CBBFC}.Debug|Any CPU.ActiveCfg = Debug|Any CPU
		{CE9FED4E-5C65-4815-9E56-6A11307CBBFC}.Debug|Any CPU.Build.0 = Debug|Any CPU
		{CE9FED4E-5C65-4815-9E56-6A11307CBBFC}.Debug|iPhone.ActiveCfg = Debug|Any CPU
		{CE9FED4E-5C65-4815-9E56-6A11307CBBFC}.Debug|iPhone.Build.0 = Debug|Any CPU
		{CE9FED4E-5C65-4815-9E56-6A11307CBBFC}.Debug|iPhoneSimulator.ActiveCfg = Debug|Any CPU
		{CE9FED4E-5C65-4815-9E56-6A11307CBBFC}.Debug|iPhoneSimulator.Build.0 = Debug|Any CPU
		{CE9FED4E-5C65-4815-9E56-6A11307CBBFC}.Release|Any CPU.ActiveCfg = Release|Any CPU
		{CE9FED4E-5C65-4815-9E56-6A11307CBBFC}.Release|Any CPU.Build.0 = Release|Any CPU
		{CE9FED4E-5C65-4815-9E56-6A11307CBBFC}.Release|iPhone.ActiveCfg = Release|Any CPU
		{CE9FED4E-5C65-4815-9E56-6A11307CBBFC}.Release|iPhone.Build.0 = Release|Any CPU
		{CE9FED4E-5C65-4815-9E56-6A11307CBBFC}.Release|iPhoneSimulator.ActiveCfg = Release|Any CPU
		{CE9FED4E-5C65-4815-9E56-6A11307CBBFC}.Release|iPhoneSimulator.Build.0 = Release|Any CPU
		{A8D304E6-E7CD-4174-8FA6-E229B224E9E5}.Ad-Hoc|iPhone.ActiveCfg = Debug|Any CPU
		{A8D304E6-E7CD-4174-8FA6-E229B224E9E5}.Ad-Hoc|iPhone.Build.0 = Debug|Any CPU
		{A8D304E6-E7CD-4174-8FA6-E229B224E9E5}.AppStore|iPhone.ActiveCfg = Debug|Any CPU
		{A8D304E6-E7CD-4174-8FA6-E229B224E9E5}.AppStore|iPhone.Build.0 = Debug|Any CPU
		{A8D304E6-E7CD-4174-8FA6-E229B224E9E5}.Debug|Any CPU.ActiveCfg = Debug|Any CPU
		{A8D304E6-E7CD-4174-8FA6-E229B224E9E5}.Debug|Any CPU.Build.0 = Debug|Any CPU
		{A8D304E6-E7CD-4174-8FA6-E229B224E9E5}.Debug|iPhone.ActiveCfg = Debug|Any CPU
		{A8D304E6-E7CD-4174-8FA6-E229B224E9E5}.Debug|iPhone.Build.0 = Debug|Any CPU
		{A8D304E6-E7CD-4174-8FA6-E229B224E9E5}.Debug|iPhoneSimulator.ActiveCfg = Debug|Any CPU
		{A8D304E6-E7CD-4174-8FA6-E229B224E9E5}.Debug|iPhoneSimulator.Build.0 = Debug|Any CPU
		{A8D304E6-E7CD-4174-8FA6-E229B224E9E5}.Release|Any CPU.ActiveCfg = Release|Any CPU
		{A8D304E6-E7CD-4174-8FA6-E229B224E9E5}.Release|Any CPU.Build.0 = Release|Any CPU
		{A8D304E6-E7CD-4174-8FA6-E229B224E9E5}.Release|iPhone.ActiveCfg = Release|Any CPU
		{A8D304E6-E7CD-4174-8FA6-E229B224E9E5}.Release|iPhone.Build.0 = Release|Any CPU
		{A8D304E6-E7CD-4174-8FA6-E229B224E9E5}.Release|iPhoneSimulator.ActiveCfg = Release|Any CPU
		{A8D304E6-E7CD-4174-8FA6-E229B224E9E5}.Release|iPhoneSimulator.Build.0 = Release|Any CPU
		{C05C2896-78A6-4357-A7C2-BC18BB88ED84}.Ad-Hoc|iPhone.ActiveCfg = Debug|Any CPU
		{C05C2896-78A6-4357-A7C2-BC18BB88ED84}.Ad-Hoc|iPhone.Build.0 = Debug|Any CPU
		{C05C2896-78A6-4357-A7C2-BC18BB88ED84}.AppStore|iPhone.ActiveCfg = Debug|Any CPU
		{C05C2896-78A6-4357-A7C2-BC18BB88ED84}.AppStore|iPhone.Build.0 = Debug|Any CPU
		{C05C2896-78A6-4357-A7C2-BC18BB88ED84}.Debug|Any CPU.ActiveCfg = Debug|Any CPU
		{C05C2896-78A6-4357-A7C2-BC18BB88ED84}.Debug|Any CPU.Build.0 = Debug|Any CPU
		{C05C2896-78A6-4357-A7C2-BC18BB88ED84}.Debug|iPhone.ActiveCfg = Debug|Any CPU
		{C05C2896-78A6-4357-A7C2-BC18BB88ED84}.Debug|iPhone.Build.0 = Debug|Any CPU
		{C05C2896-78A6-4357-A7C2-BC18BB88ED84}.Debug|iPhoneSimulator.ActiveCfg = Debug|Any CPU
		{C05C2896-78A6-4357-A7C2-BC18BB88ED84}.Debug|iPhoneSimulator.Build.0 = Debug|Any CPU
		{C05C2896-78A6-4357-A7C2-BC18BB88ED84}.Release|Any CPU.ActiveCfg = Release|Any CPU
		{C05C2896-78A6-4357-A7C2-BC18BB88ED84}.Release|Any CPU.Build.0 = Release|Any CPU
		{C05C2896-78A6-4357-A7C2-BC18BB88ED84}.Release|iPhone.ActiveCfg = Release|Any CPU
		{C05C2896-78A6-4357-A7C2-BC18BB88ED84}.Release|iPhone.Build.0 = Release|Any CPU
		{C05C2896-78A6-4357-A7C2-BC18BB88ED84}.Release|iPhoneSimulator.ActiveCfg = Release|Any CPU
		{C05C2896-78A6-4357-A7C2-BC18BB88ED84}.Release|iPhoneSimulator.Build.0 = Release|Any CPU
		{2068D535-7088-42F4-B611-5538CB862C76}.Ad-Hoc|iPhone.ActiveCfg = Ad-Hoc|iPhone
		{2068D535-7088-42F4-B611-5538CB862C76}.Ad-Hoc|iPhone.Build.0 = Ad-Hoc|iPhone
		{2068D535-7088-42F4-B611-5538CB862C76}.AppStore|iPhone.ActiveCfg = AppStore|iPhone
		{2068D535-7088-42F4-B611-5538CB862C76}.AppStore|iPhone.Build.0 = AppStore|iPhone
		{2068D535-7088-42F4-B611-5538CB862C76}.Debug|Any CPU.ActiveCfg = Debug|iPhoneSimulator
		{2068D535-7088-42F4-B611-5538CB862C76}.Debug|Any CPU.Build.0 = Debug|iPhoneSimulator
		{2068D535-7088-42F4-B611-5538CB862C76}.Debug|iPhone.ActiveCfg = Debug|iPhone
		{2068D535-7088-42F4-B611-5538CB862C76}.Debug|iPhone.Build.0 = Debug|iPhone
		{2068D535-7088-42F4-B611-5538CB862C76}.Debug|iPhoneSimulator.ActiveCfg = Debug|iPhoneSimulator
		{2068D535-7088-42F4-B611-5538CB862C76}.Debug|iPhoneSimulator.Build.0 = Debug|iPhoneSimulator
		{2068D535-7088-42F4-B611-5538CB862C76}.Release|Any CPU.ActiveCfg = Release|iPhoneSimulator
		{2068D535-7088-42F4-B611-5538CB862C76}.Release|Any CPU.Build.0 = Release|iPhoneSimulator
		{2068D535-7088-42F4-B611-5538CB862C76}.Release|iPhone.ActiveCfg = Release|iPhone
		{2068D535-7088-42F4-B611-5538CB862C76}.Release|iPhone.Build.0 = Release|iPhone
		{2068D535-7088-42F4-B611-5538CB862C76}.Release|iPhoneSimulator.ActiveCfg = Release|iPhoneSimulator
		{2068D535-7088-42F4-B611-5538CB862C76}.Release|iPhoneSimulator.Build.0 = Release|iPhoneSimulator
	EndGlobalSection
EndGlobal
